// !$*UTF8*$!
{
	archiveVersion = 1;
	classes = {
	};
	objectVersion = 77;
	objects = {

/* Begin PBXBuildFile section */
		55F2DCCD4297A00FB9759DC8 /* MobileAppStore.swift in Sources */ = {isa = PBXBuildFile; fileRef = 202E2305B32798C3C36B2662 /* MobileAppStore.swift */; };
		702037400086EBE88AC4283B /* MobileAPIClient.swift in Sources */ = {isa = PBXBuildFile; fileRef = F5AD1B20EB45E3AD1B7249D6 /* MobileAPIClient.swift */; };
		92CD20724B43D4ECEACBFB77 /* MobileModels.swift in Sources */ = {isa = PBXBuildFile; fileRef = D6DB07DF6F1B752E91E56D3E /* MobileModels.swift */; };
		9F430770C8E1FAA4B742DD81 /* KeychainStore.swift in Sources */ = {isa = PBXBuildFile; fileRef = AEECB8898313B4EDA6EFB8C0 /* KeychainStore.swift */; };
		C6550D577711544F9F1BE527 /* MobileScreens.swift in Sources */ = {isa = PBXBuildFile; fileRef = 7765F4547A42C0A5A2E974CB /* MobileScreens.swift */; };
		DF71C62BE3DC43023D003648 /* T3MobileApp.swift in Sources */ = {isa = PBXBuildFile; fileRef = 81F06EE21D365D403E0AE5BB /* T3MobileApp.swift */; };
/* End PBXBuildFile section */

/* Begin PBXFileReference section */
		202E2305B32798C3C36B2662 /* MobileAppStore.swift */ = {isa = PBXFileReference; lastKnownFileType = sourcecode.swift; path = MobileAppStore.swift; sourceTree = "<group>"; };
		7765F4547A42C0A5A2E974CB /* MobileScreens.swift */ = {isa = PBXFileReference; lastKnownFileType = sourcecode.swift; path = MobileScreens.swift; sourceTree = "<group>"; };
		81F06EE21D365D403E0AE5BB /* T3MobileApp.swift */ = {isa = PBXFileReference; lastKnownFileType = sourcecode.swift; path = T3MobileApp.swift; sourceTree = "<group>"; };
		9D0BC683AD6F100CCA1CC7E4 /* T3Mobile.app */ = {isa = PBXFileReference; includeInIndex = 0; lastKnownFileType = wrapper.application; path = T3Mobile.app; sourceTree = BUILT_PRODUCTS_DIR; };
		AEECB8898313B4EDA6EFB8C0 /* KeychainStore.swift */ = {isa = PBXFileReference; lastKnownFileType = sourcecode.swift; path = KeychainStore.swift; sourceTree = "<group>"; };
		D6DB07DF6F1B752E91E56D3E /* MobileModels.swift */ = {isa = PBXFileReference; lastKnownFileType = sourcecode.swift; path = MobileModels.swift; sourceTree = "<group>"; };
		F5AD1B20EB45E3AD1B7249D6 /* MobileAPIClient.swift */ = {isa = PBXFileReference; lastKnownFileType = sourcecode.swift; path = MobileAPIClient.swift; sourceTree = "<group>"; };
/* End PBXFileReference section */

/* Begin PBXGroup section */
		63C94892F1005D84FC61B328 /* Products */ = {
			isa = PBXGroup;
			children = (
				9D0BC683AD6F100CCA1CC7E4 /* T3Mobile.app */,
			);
			name = Products;
			sourceTree = "<group>";
		};
		69C7EA02E846E15BF50594F0 /* Views */ = {
			isa = PBXGroup;
			children = (
				7765F4547A42C0A5A2E974CB /* MobileScreens.swift */,
			);
			path = Views;
			sourceTree = "<group>";
		};
		7D36FF66DE3E28C53E7BF9AD /* T3Mobile */ = {
			isa = PBXGroup;
			children = (
				825289C2809E8DA8C748C5DC /* App */,
				817750AC6A092CA8B8325AFD /* Models */,
				FA0971C25BB11C0AC6919E2F /* Services */,
				69C7EA02E846E15BF50594F0 /* Views */,
			);
			name = T3Mobile;
			path = Sources/T3Mobile;
			sourceTree = "<group>";
		};
		817750AC6A092CA8B8325AFD /* Models */ = {
			isa = PBXGroup;
			children = (
				D6DB07DF6F1B752E91E56D3E /* MobileModels.swift */,
			);
			path = Models;
			sourceTree = "<group>";
		};
		825289C2809E8DA8C748C5DC /* App */ = {
			isa = PBXGroup;
			children = (
				81F06EE21D365D403E0AE5BB /* T3MobileApp.swift */,
			);
			path = App;
			sourceTree = "<group>";
		};
		D80237807DA8F32234D0E6E2 = {
			isa = PBXGroup;
			children = (
				7D36FF66DE3E28C53E7BF9AD /* T3Mobile */,
				63C94892F1005D84FC61B328 /* Products */,
			);
			sourceTree = "<group>";
		};
		FA0971C25BB11C0AC6919E2F /* Services */ = {
			isa = PBXGroup;
			children = (
				AEECB8898313B4EDA6EFB8C0 /* KeychainStore.swift */,
				F5AD1B20EB45E3AD1B7249D6 /* MobileAPIClient.swift */,
				202E2305B32798C3C36B2662 /* MobileAppStore.swift */,
			);
			path = Services;
			sourceTree = "<group>";
		};
/* End PBXGroup section */

/* Begin PBXNativeTarget section */
		6C1EF23FBB3E1F55BC2C27BB /* T3Mobile */ = {
			isa = PBXNativeTarget;
			buildConfigurationList = 610B14E714686EC84D36CB06 /* Build configuration list for PBXNativeTarget "T3Mobile" */;
			buildPhases = (
				2E044F74FB54F6B25469ACFB /* Sources */,
			);
			buildRules = (
			);
			dependencies = (
			);
			name = T3Mobile;
			packageProductDependencies = (
			);
			productName = T3Mobile;
			productReference = 9D0BC683AD6F100CCA1CC7E4 /* T3Mobile.app */;
			productType = "com.apple.product-type.application";
		};
/* End PBXNativeTarget section */

/* Begin PBXProject section */
		35C5068B381E3868C5B1E98A /* Project object */ = {
			isa = PBXProject;
			attributes = {
				BuildIndependentTargetsInParallel = YES;
				LastUpgradeCheck = 1430;
				TargetAttributes = {
					6C1EF23FBB3E1F55BC2C27BB = {
						ProvisioningStyle = Automatic;
					};
				};
			};
			buildConfigurationList = FACAD3C3062DDB60C9DAAA1E /* Build configuration list for PBXProject "T3Mobile" */;
			developmentRegion = en;
			hasScannedForEncodings = 0;
			knownRegions = (
				Base,
				en,
			);
			mainGroup = D80237807DA8F32234D0E6E2;
			minimizedProjectReferenceProxies = 1;
			preferredProjectObjectVersion = 77;
			productRefGroup = 63C94892F1005D84FC61B328 /* Products */;
			projectDirPath = "";
			projectRoot = "";
			targets = (
				6C1EF23FBB3E1F55BC2C27BB /* T3Mobile */,
			);
		};
/* End PBXProject section */

/* Begin PBXSourcesBuildPhase section */
		2E044F74FB54F6B25469ACFB /* Sources */ = {
			isa = PBXSourcesBuildPhase;
			buildActionMask = 2147483647;
			files = (
				9F430770C8E1FAA4B742DD81 /* KeychainStore.swift in Sources */,
				702037400086EBE88AC4283B /* MobileAPIClient.swift in Sources */,
				55F2DCCD4297A00FB9759DC8 /* MobileAppStore.swift in Sources */,
				92CD20724B43D4ECEACBFB77 /* MobileModels.swift in Sources */,
				C6550D577711544F9F1BE527 /* MobileScreens.swift in Sources */,
				DF71C62BE3DC43023D003648 /* T3MobileApp.swift in Sources */,
			);
			runOnlyForDeploymentPostprocessing = 0;
		};
/* End PBXSourcesBuildPhase section */

/* Begin XCBuildConfiguration section */
		13098AAA8A42F2B0D4821C4C /* Release */ = {
			isa = XCBuildConfiguration;
			buildSettings = {
				ASSETCATALOG_COMPILER_APPICON_NAME = AppIcon;
				CODE_SIGN_IDENTITY = "iPhone Developer";
				INFOPLIST_KEY_CFBundleDisplayName = "T3 Code";
				INFOPLIST_KEY_LSApplicationCategoryType = "public.app-category.developer-tools";
				INFOPLIST_KEY_UIApplicationSceneManifest_Generation = YES;
				INFOPLIST_KEY_UILaunchScreen_Generation = YES;
				INFOPLIST_KEY_UIRequiresFullScreen = YES;
				LD_RUNPATH_SEARCH_PATHS = (
					"$(inherited)",
					"@executable_path/Frameworks",
				);
				PRODUCT_BUNDLE_IDENTIFIER = com.t3tools.t3mobile;
				SDKROOT = iphoneos;
				TARGETED_DEVICE_FAMILY = "1,2";
			};
			name = Release;
		};
		86FC61C7E909AC1B52F2A743 /* Release */ = {
			isa = XCBuildConfiguration;
			buildSettings = {
				ALWAYS_SEARCH_USER_PATHS = NO;
				CLANG_ANALYZER_NONNULL = YES;
				CLANG_ANALYZER_NUMBER_OBJECT_CONVERSION = YES_AGGRESSIVE;
				CLANG_CXX_LANGUAGE_STANDARD = "gnu++14";
				CLANG_CXX_LIBRARY = "libc++";
				CLANG_ENABLE_MODULES = YES;
				CLANG_ENABLE_OBJC_ARC = YES;
				CLANG_ENABLE_OBJC_WEAK = YES;
				CLANG_WARN_BLOCK_CAPTURE_AUTORELEASING = YES;
				CLANG_WARN_BOOL_CONVERSION = YES;
				CLANG_WARN_COMMA = YES;
				CLANG_WARN_CONSTANT_CONVERSION = YES;
				CLANG_WARN_DEPRECATED_OBJC_IMPLEMENTATIONS = YES;
				CLANG_WARN_DIRECT_OBJC_ISA_USAGE = YES_ERROR;
				CLANG_WARN_DOCUMENTATION_COMMENTS = YES;
				CLANG_WARN_EMPTY_BODY = YES;
				CLANG_WARN_ENUM_CONVERSION = YES;
				CLANG_WARN_INFINITE_RECURSION = YES;
				CLANG_WARN_INT_CONVERSION = YES;
				CLANG_WARN_NON_LITERAL_NULL_CONVERSION = YES;
				CLANG_WARN_OBJC_IMPLICIT_RETAIN_SELF = YES;
				CLANG_WARN_OBJC_LITERAL_CONVERSION = YES;
				CLANG_WARN_OBJC_ROOT_CLASS = YES_ERROR;
				CLANG_WARN_QUOTED_INCLUDE_IN_FRAMEWORK_HEADER = YES;
				CLANG_WARN_RANGE_LOOP_ANALYSIS = YES;
				CLANG_WARN_STRICT_PROTOTYPES = YES;
				CLANG_WARN_SUSPICIOUS_MOVE = YES;
				CLANG_WARN_UNGUARDED_AVAILABILITY = YES_AGGRESSIVE;
				CLANG_WARN_UNREACHABLE_CODE = YES;
				CLANG_WARN__DUPLICATE_METHOD_MATCH = YES;
				CODE_SIGN_STYLE = Automatic;
				COPY_PHASE_STRIP = NO;
				DEBUG_INFORMATION_FORMAT = "dwarf-with-dsym";
				ENABLE_NS_ASSERTIONS = NO;
				ENABLE_STRICT_OBJC_MSGSEND = YES;
				GCC_C_LANGUAGE_STANDARD = gnu11;
				GCC_NO_COMMON_BLOCKS = YES;
				GCC_WARN_64_TO_32_BIT_CONVERSION = YES;
				GCC_WARN_ABOUT_RETURN_TYPE = YES_ERROR;
				GCC_WARN_UNDECLARED_SELECTOR = YES;
				GCC_WARN_UNINITIALIZED_AUTOS = YES_AGGRESSIVE;
				GCC_WARN_UNUSED_FUNCTION = YES;
				GCC_WARN_UNUSED_VARIABLE = YES;
				GENERATE_INFOPLIST_FILE = YES;
				IPHONEOS_DEPLOYMENT_TARGET = 17.0;
				MTL_ENABLE_DEBUG_INFO = NO;
				MTL_FAST_MATH = YES;
				PRODUCT_NAME = "$(TARGET_NAME)";
				SDKROOT = iphoneos;
				SWIFT_COMPILATION_MODE = wholemodule;
				SWIFT_OPTIMIZATION_LEVEL = "-O";
				SWIFT_VERSION = 5.1;
				TARGETED_DEVICE_FAMILY = 1;
			};
			name = Release;
		};
		ADD2AC3110980B064EB010F3 /* Debug */ = {
			isa = XCBuildConfiguration;
			buildSettings = {
				ALWAYS_SEARCH_USER_PATHS = NO;
				CLANG_ANALYZER_NONNULL = YES;
				CLANG_ANALYZER_NUMBER_OBJECT_CONVERSION = YES_AGGRESSIVE;
				CLANG_CXX_LANGUAGE_STANDARD = "gnu++14";
				CLANG_CXX_LIBRARY = "libc++";
				CLANG_ENABLE_MODULES = YES;
				CLANG_ENABLE_OBJC_ARC = YES;
				CLANG_ENABLE_OBJC_WEAK = YES;
				CLANG_WARN_BLOCK_CAPTURE_AUTORELEASING = YES;
				CLANG_WARN_BOOL_CONVERSION = YES;
				CLANG_WARN_COMMA = YES;
				CLANG_WARN_CONSTANT_CONVERSION = YES;
				CLANG_WARN_DEPRECATED_OBJC_IMPLEMENTATIONS = YES;
				CLANG_WARN_DIRECT_OBJC_ISA_USAGE = YES_ERROR;
				CLANG_WARN_DOCUMENTATION_COMMENTS = YES;
				CLANG_WARN_EMPTY_BODY = YES;
				CLANG_WARN_ENUM_CONVERSION = YES;
				CLANG_WARN_INFINITE_RECURSION = YES;
				CLANG_WARN_INT_CONVERSION = YES;
				CLANG_WARN_NON_LITERAL_NULL_CONVERSION = YES;
				CLANG_WARN_OBJC_IMPLICIT_RETAIN_SELF = YES;
				CLANG_WARN_OBJC_LITERAL_CONVERSION = YES;
				CLANG_WARN_OBJC_ROOT_CLASS = YES_ERROR;
				CLANG_WARN_QUOTED_INCLUDE_IN_FRAMEWORK_HEADER = YES;
				CLANG_WARN_RANGE_LOOP_ANALYSIS = YES;
				CLANG_WARN_STRICT_PROTOTYPES = YES;
				CLANG_WARN_SUSPICIOUS_MOVE = YES;
				CLANG_WARN_UNGUARDED_AVAILABILITY = YES_AGGRESSIVE;
				CLANG_WARN_UNREACHABLE_CODE = YES;
				CLANG_WARN__DUPLICATE_METHOD_MATCH = YES;
				CODE_SIGN_STYLE = Automatic;
				COPY_PHASE_STRIP = NO;
				DEBUG_INFORMATION_FORMAT = dwarf;
				ENABLE_STRICT_OBJC_MSGSEND = YES;
				ENABLE_TESTABILITY = YES;
				GCC_C_LANGUAGE_STANDARD = gnu11;
				GCC_DYNAMIC_NO_PIC = NO;
				GCC_NO_COMMON_BLOCKS = YES;
				GCC_OPTIMIZATION_LEVEL = 0;
				GCC_PREPROCESSOR_DEFINITIONS = (
					"$(inherited)",
					"DEBUG=1",
				);
				GCC_WARN_64_TO_32_BIT_CONVERSION = YES;
				GCC_WARN_ABOUT_RETURN_TYPE = YES_ERROR;
				GCC_WARN_UNDECLARED_SELECTOR = YES;
				GCC_WARN_UNINITIALIZED_AUTOS = YES_AGGRESSIVE;
				GCC_WARN_UNUSED_FUNCTION = YES;
				GCC_WARN_UNUSED_VARIABLE = YES;
				GENERATE_INFOPLIST_FILE = YES;
				IPHONEOS_DEPLOYMENT_TARGET = 17.0;
				MTL_ENABLE_DEBUG_INFO = INCLUDE_SOURCE;
				MTL_FAST_MATH = YES;
				ONLY_ACTIVE_ARCH = YES;
				PRODUCT_NAME = "$(TARGET_NAME)";
				SDKROOT = iphoneos;
				SWIFT_ACTIVE_COMPILATION_CONDITIONS = DEBUG;
				SWIFT_OPTIMIZATION_LEVEL = "-Onone";
				SWIFT_VERSION = 5.1;
				TARGETED_DEVICE_FAMILY = 1;
			};
			name = Debug;
		};
		F778EA5A7B7AC7A2C51A9853 /* Debug */ = {
			isa = XCBuildConfiguration;
			buildSettings = {
				ASSETCATALOG_COMPILER_APPICON_NAME = AppIcon;
				CODE_SIGN_IDENTITY = "iPhone Developer";
				INFOPLIST_KEY_CFBundleDisplayName = "T3 Code";
				INFOPLIST_KEY_LSApplicationCategoryType = "public.app-category.developer-tools";
				INFOPLIST_KEY_UIApplicationSceneManifest_Generation = YES;
				INFOPLIST_KEY_UILaunchScreen_Generation = YES;
				INFOPLIST_KEY_UIRequiresFullScreen = YES;
				LD_RUNPATH_SEARCH_PATHS = (
					"$(inherited)",
					"@executable_path/Frameworks",
				);
				PRODUCT_BUNDLE_IDENTIFIER = com.t3tools.t3mobile;
				SDKROOT = iphoneos;
				TARGETED_DEVICE_FAMILY = "1,2";
			};
			name = Debug;
		};
/* End XCBuildConfiguration section */

/* Begin XCConfigurationList section */
		610B14E714686EC84D36CB06 /* Build configuration list for PBXNativeTarget "T3Mobile" */ = {
			isa = XCConfigurationList;
			buildConfigurations = (
				F778EA5A7B7AC7A2C51A9853 /* Debug */,
				13098AAA8A42F2B0D4821C4C /* Release */,
			);
			defaultConfigurationIsVisible = 0;
			defaultConfigurationName = Debug;
		};
		FACAD3C3062DDB60C9DAAA1E /* Build configuration list for PBXProject "T3Mobile" */ = {
			isa = XCConfigurationList;
			buildConfigurations = (
				ADD2AC3110980B064EB010F3 /* Debug */,
				86FC61C7E909AC1B52F2A743 /* Release */,
			);
			defaultConfigurationIsVisible = 0;
			defaultConfigurationName = Debug;
		};
/* End XCConfigurationList section */
	};
	rootObject = 35C5068B381E3868C5B1E98A /* Project object */;
}
